
Microsoft Visual Studio Solution File, Format Version 12.00
# Visual Studio 15
VisualStudioVersion = 15.0.28307.421
MinimumVisualStudioVersion = 10.0.40219.1
Project("{FAE04EC0-301F-11D3-BF4B-00C04F79EFBC}") = "Versiones4GL.Android", "Versiones4GL\Versiones4GL.Android\Versiones4GL.Android.csproj", "{2B8CFD27-F133-4338-9FF7-446140790400}"
EndProject
Project("{FAE04EC0-301F-11D3-BF4B-00C04F79EFBC}") = "Versiones4GL.iOS", "Versiones4GL\Versiones4GL.iOS\Versiones4GL.iOS.csproj", "{F4AAE19E-996E-40E6-B83F-64F97E482B0B}"
EndProject
Project("{FAE04EC0-301F-11D3-BF4B-00C04F79EFBC}") = "Versiones4GL.UWP", "Versiones4GL\Versiones4GL.UWP\Versiones4GL.UWP.csproj", "{DB0E34E2-57E0-4093-A8ED-8C77B61FBE0E}"
EndProject
Project("{FAE04EC0-301F-11D3-BF4B-00C04F79EFBC}") = "Versiones4GL", "Versiones4GL\Versiones4GL\Versiones4GL.csproj", "{9CB685C2-48D8-49F7-81B8-0ED717411C80}"
EndProject
Global
	GlobalSection(SolutionConfigurationPlatforms) = preSolution
		Ad-Hoc|Any CPU = Ad-Hoc|Any CPU
		Ad-Hoc|ARM = Ad-Hoc|ARM
		Ad-Hoc|iPhone = Ad-Hoc|iPhone
		Ad-Hoc|iPhoneSimulator = Ad-Hoc|iPhoneSimulator
		Ad-Hoc|x64 = Ad-Hoc|x64
		Ad-Hoc|x86 = Ad-Hoc|x86
		AppStore|Any CPU = AppStore|Any CPU
		AppStore|ARM = AppStore|ARM
		AppStore|iPhone = AppStore|iPhone
		AppStore|iPhoneSimulator = AppStore|iPhoneSimulator
		AppStore|x64 = AppStore|x64
		AppStore|x86 = AppStore|x86
		Debug|Any CPU = Debug|Any CPU
		Debug|ARM = Debug|ARM
		Debug|iPhone = Debug|iPhone
		Debug|iPhoneSimulator = Debug|iPhoneSimulator
		Debug|x64 = Debug|x64
		Debug|x86 = Debug|x86
		Release|Any CPU = Release|Any CPU
		Release|ARM = Release|ARM
		Release|iPhone = Release|iPhone
		Release|iPhoneSimulator = Release|iPhoneSimulator
		Release|x64 = Release|x64
		Release|x86 = Release|x86
	EndGlobalSection
	GlobalSection(ProjectConfigurationPlatforms) = postSolution
		{2B8CFD27-F133-4338-9FF7-446140790400}.Ad-Hoc|Any CPU.ActiveCfg = Release|Any CPU
		{2B8CFD27-F133-4338-9FF7-446140790400}.Ad-Hoc|Any CPU.Build.0 = Release|Any CPU
		{2B8CFD27-F133-4338-9FF7-446140790400}.Ad-Hoc|Any CPU.Deploy.0 = Release|Any CPU
		{2B8CFD27-F133-4338-9FF7-446140790400}.Ad-Hoc|ARM.ActiveCfg = Release|Any CPU
		{2B8CFD27-F133-4338-9FF7-446140790400}.Ad-Hoc|ARM.Build.0 = Release|Any CPU
		{2B8CFD27-F133-4338-9FF7-446140790400}.Ad-Hoc|ARM.Deploy.0 = Release|Any CPU
		{2B8CFD27-F133-4338-9FF7-446140790400}.Ad-Hoc|iPhone.ActiveCfg = Release|Any CPU
		{2B8CFD27-F133-4338-9FF7-446140790400}.Ad-Hoc|iPhone.Build.0 = Release|Any CPU
		{2B8CFD27-F133-4338-9FF7-446140790400}.Ad-Hoc|iPhone.Deploy.0 = Release|Any CPU
		{2B8CFD27-F133-4338-9FF7-446140790400}.Ad-Hoc|iPhoneSimulator.ActiveCfg = Release|Any CPU
		{2B8CFD27-F133-4338-9FF7-446140790400}.Ad-Hoc|iPhoneSimulator.Build.0 = Release|Any CPU
		{2B8CFD27-F133-4338-9FF7-446140790400}.Ad-Hoc|iPhoneSimulator.Deploy.0 = Release|Any CPU
		{2B8CFD27-F133-4338-9FF7-446140790400}.Ad-Hoc|x64.ActiveCfg = Release|Any CPU
		{2B8CFD27-F133-4338-9FF7-446140790400}.Ad-Hoc|x64.Build.0 = Release|Any CPU
		{2B8CFD27-F133-4338-9FF7-446140790400}.Ad-Hoc|x64.Deploy.0 = Release|Any CPU
		{2B8CFD27-F133-4338-9FF7-446140790400}.Ad-Hoc|x86.ActiveCfg = Release|Any CPU
		{2B8CFD27-F133-4338-9FF7-446140790400}.Ad-Hoc|x86.Build.0 = Release|Any CPU
		{2B8CFD27-F133-4338-9FF7-446140790400}.Ad-Hoc|x86.Deploy.0 = Release|Any CPU
		{2B8CFD27-F133-4338-9FF7-446140790400}.AppStore|Any CPU.ActiveCfg = Release|Any CPU
		{2B8CFD27-F133-4338-9FF7-446140790400}.AppStore|Any CPU.Build.0 = Release|Any CPU
		{2B8CFD27-F133-4338-9FF7-446140790400}.AppStore|Any CPU.Deploy.0 = Release|Any CPU
		{2B8CFD27-F133-4338-9FF7-446140790400}.AppStore|ARM.ActiveCfg = Release|Any CPU
		{2B8CFD27-F133-4338-9FF7-446140790400}.AppStore|ARM.Build.0 = Release|Any CPU
		{2B8CFD27-F133-4338-9FF7-446140790400}.AppStore|ARM.Deploy.0 = Release|Any CPU
		{2B8CFD27-F133-4338-9FF7-446140790400}.AppStore|iPhone.ActiveCfg = Release|Any CPU
		{2B8CFD27-F133-4338-9FF7-446140790400}.AppStore|iPhone.Build.0 = Release|Any CPU
		{2B8CFD27-F133-4338-9FF7-446140790400}.AppStore|iPhone.Deploy.0 = Release|Any CPU
		{2B8CFD27-F133-4338-9FF7-446140790400}.AppStore|iPhoneSimulator.ActiveCfg = Release|Any CPU
		{2B8CFD27-F133-4338-9FF7-446140790400}.AppStore|iPhoneSimulator.Build.0 = Release|Any CPU
		{2B8CFD27-F133-4338-9FF7-446140790400}.AppStore|iPhoneSimulator.Deploy.0 = Release|Any CPU
		{2B8CFD27-F133-4338-9FF7-446140790400}.AppStore|x64.ActiveCfg = Release|Any CPU
		{2B8CFD27-F133-4338-9FF7-446140790400}.AppStore|x64.Build.0 = Release|Any CPU
		{2B8CFD27-F133-4338-9FF7-446140790400}.AppStore|x64.Deploy.0 = Release|Any CPU
		{2B8CFD27-F133-4338-9FF7-446140790400}.AppStore|x86.ActiveCfg = Release|Any CPU
		{2B8CFD27-F133-4338-9FF7-446140790400}.AppStore|x86.Build.0 = Release|Any CPU
		{2B8CFD27-F133-4338-9FF7-446140790400}.AppStore|x86.Deploy.0 = Release|Any CPU
		{2B8CFD27-F133-4338-9FF7-446140790400}.Debug|Any CPU.ActiveCfg = Debug|Any CPU
		{2B8CFD27-F133-4338-9FF7-446140790400}.Debug|Any CPU.Build.0 = Debug|Any CPU
		{2B8CFD27-F133-4338-9FF7-446140790400}.Debug|Any CPU.Deploy.0 = Debug|Any CPU
		{2B8CFD27-F133-4338-9FF7-446140790400}.Debug|ARM.ActiveCfg = Debug|Any CPU
		{2B8CFD27-F133-4338-9FF7-446140790400}.Debug|ARM.Build.0 = Debug|Any CPU
		{2B8CFD27-F133-4338-9FF7-446140790400}.Debug|ARM.Deploy.0 = Debug|Any CPU
		{2B8CFD27-F133-4338-9FF7-446140790400}.Debug|iPhone.ActiveCfg = Debug|Any CPU
		{2B8CFD27-F133-4338-9FF7-446140790400}.Debug|iPhone.Build.0 = Debug|Any CPU
		{2B8CFD27-F133-4338-9FF7-446140790400}.Debug|iPhone.Deploy.0 = Debug|Any CPU
		{2B8CFD27-F133-4338-9FF7-446140790400}.Debug|iPhoneSimulator.ActiveCfg = Debug|Any CPU
		{2B8CFD27-F133-4338-9FF7-446140790400}.Debug|iPhoneSimulator.Build.0 = Debug|Any CPU
		{2B8CFD27-F133-4338-9FF7-446140790400}.Debug|iPhoneSimulator.Deploy.0 = Debug|Any CPU
		{2B8CFD27-F133-4338-9FF7-446140790400}.Debug|x64.ActiveCfg = Debug|Any CPU
		{2B8CFD27-F133-4338-9FF7-446140790400}.Debug|x64.Build.0 = Debug|Any CPU
		{2B8CFD27-F133-4338-9FF7-446140790400}.Debug|x64.Deploy.0 = Debug|Any CPU
		{2B8CFD27-F133-4338-9FF7-446140790400}.Debug|x86.ActiveCfg = Debug|Any CPU
		{2B8CFD27-F133-4338-9FF7-446140790400}.Debug|x86.Build.0 = Debug|Any CPU
		{2B8CFD27-F133-4338-9FF7-446140790400}.Debug|x86.Deploy.0 = Debug|Any CPU
		{2B8CFD27-F133-4338-9FF7-446140790400}.Release|Any CPU.ActiveCfg = Release|Any CPU
		{2B8CFD27-F133-4338-9FF7-446140790400}.Release|Any CPU.Build.0 = Release|Any CPU
		{2B8CFD27-F133-4338-9FF7-446140790400}.Release|Any CPU.Deploy.0 = Release|Any CPU
		{2B8CFD27-F133-4338-9FF7-446140790400}.Release|ARM.ActiveCfg = Release|Any CPU
		{2B8CFD27-F133-4338-9FF7-446140790400}.Release|ARM.Build.0 = Release|Any CPU
		{2B8CFD27-F133-4338-9FF7-446140790400}.Release|ARM.Deploy.0 = Release|Any CPU
		{2B8CFD27-F133-4338-9FF7-446140790400}.Release|iPhone.ActiveCfg = Release|Any CPU
		{2B8CFD27-F133-4338-9FF7-446140790400}.Release|iPhone.Build.0 = Release|Any CPU
		{2B8CFD27-F133-4338-9FF7-446140790400}.Release|iPhone.Deploy.0 = Release|Any CPU
		{2B8CFD27-F133-4338-9FF7-446140790400}.Release|iPhoneSimulator.ActiveCfg = Release|Any CPU
		{2B8CFD27-F133-4338-9FF7-446140790400}.Release|iPhoneSimulator.Build.0 = Release|Any CPU
		{2B8CFD27-F133-4338-9FF7-446140790400}.Release|iPhoneSimulator.Deploy.0 = Release|Any CPU
		{2B8CFD27-F133-4338-9FF7-446140790400}.Release|x64.ActiveCfg = Release|Any CPU
		{2B8CFD27-F133-4338-9FF7-446140790400}.Release|x64.Build.0 = Release|Any CPU
		{2B8CFD27-F133-4338-9FF7-446140790400}.Release|x64.Deploy.0 = Release|Any CPU
		{2B8CFD27-F133-4338-9FF7-446140790400}.Release|x86.ActiveCfg = Release|Any CPU
		{2B8CFD27-F133-4338-9FF7-446140790400}.Release|x86.Build.0 = Release|Any CPU
		{2B8CFD27-F133-4338-9FF7-446140790400}.Release|x86.Deploy.0 = Release|Any CPU
		{F4AAE19E-996E-40E6-B83F-64F97E482B0B}.Ad-Hoc|Any CPU.ActiveCfg = Ad-Hoc|iPhone
		{F4AAE19E-996E-40E6-B83F-64F97E482B0B}.Ad-Hoc|Any CPU.Build.0 = Ad-Hoc|iPhone
		{F4AAE19E-996E-40E6-B83F-64F97E482B0B}.Ad-Hoc|Any CPU.Deploy.0 = Ad-Hoc|iPhone
		{F4AAE19E-996E-40E6-B83F-64F97E482B0B}.Ad-Hoc|ARM.ActiveCfg = Ad-Hoc|iPhone
		{F4AAE19E-996E-40E6-B83F-64F97E482B0B}.Ad-Hoc|ARM.Build.0 = Ad-Hoc|iPhone
		{F4AAE19E-996E-40E6-B83F-64F97E482B0B}.Ad-Hoc|ARM.Deploy.0 = Ad-Hoc|iPhone
		{F4AAE19E-996E-40E6-B83F-64F97E482B0B}.Ad-Hoc|iPhone.ActiveCfg = Ad-Hoc|iPhone
		{F4AAE19E-996E-40E6-B83F-64F97E482B0B}.Ad-Hoc|iPhone.Build.0 = Ad-Hoc|iPhone
		{F4AAE19E-996E-40E6-B83F-64F97E482B0B}.Ad-Hoc|iPhone.Deploy.0 = Ad-Hoc|iPhone
		{F4AAE19E-996E-40E6-B83F-64F97E482B0B}.Ad-Hoc|iPhoneSimulator.ActiveCfg = Ad-Hoc|iPhoneSimulator
		{F4AAE19E-996E-40E6-B83F-64F97E482B0B}.Ad-Hoc|iPhoneSimulator.Build.0 = Ad-Hoc|iPhoneSimulator
		{F4AAE19E-996E-40E6-B83F-64F97E482B0B}.Ad-Hoc|iPhoneSimulator.Deploy.0 = Ad-Hoc|iPhoneSimulator
		{F4AAE19E-996E-40E6-B83F-64F97E482B0B}.Ad-Hoc|x64.ActiveCfg = Ad-Hoc|iPhone
		{F4AAE19E-996E-40E6-B83F-64F97E482B0B}.Ad-Hoc|x64.Build.0 = Ad-Hoc|iPhone
		{F4AAE19E-996E-40E6-B83F-64F97E482B0B}.Ad-Hoc|x64.Deploy.0 = Ad-Hoc|iPhone
		{F4AAE19E-996E-40E6-B83F-64F97E482B0B}.Ad-Hoc|x86.ActiveCfg = Ad-Hoc|iPhone
		{F4AAE19E-996E-40E6-B83F-64F97E482B0B}.Ad-Hoc|x86.Build.0 = Ad-Hoc|iPhone
		{F4AAE19E-996E-40E6-B83F-64F97E482B0B}.Ad-Hoc|x86.Deploy.0 = Ad-Hoc|iPhone
		{F4AAE19E-996E-40E6-B83F-64F97E482B0B}.AppStore|Any CPU.ActiveCfg = AppStore|iPhone
		{F4AAE19E-996E-40E6-B83F-64F97E482B0B}.AppStore|Any CPU.Build.0 = AppStore|iPhone
		{F4AAE19E-996E-40E6-B83F-64F97E482B0B}.AppStore|Any CPU.Deploy.0 = AppStore|iPhone
		{F4AAE19E-996E-40E6-B83F-64F97E482B0B}.AppStore|ARM.ActiveCfg = AppStore|iPhone
		{F4AAE19E-996E-40E6-B83F-64F97E482B0B}.AppStore|ARM.Build.0 = AppStore|iPhone
		{F4AAE19E-996E-40E6-B83F-64F97E482B0B}.AppStore|ARM.Deploy.0 = AppStore|iPhone
		{F4AAE19E-996E-40E6-B83F-64F97E482B0B}.AppStore|iPhone.ActiveCfg = AppStore|iPhone
		{F4AAE19E-996E-40E6-B83F-64F97E482B0B}.AppStore|iPhone.Build.0 = AppStore|iPhone
		{F4AAE19E-996E-40E6-B83F-64F97E482B0B}.AppStore|iPhone.Deploy.0 = AppStore|iPhone
		{F4AAE19E-996E-40E6-B83F-64F97E482B0B}.AppStore|iPhoneSimulator.ActiveCfg = AppStore|iPhoneSimulator
		{F4AAE19E-996E-40E6-B83F-64F97E482B0B}.AppStore|iPhoneSimulator.Build.0 = AppStore|iPhoneSimulator
		{F4AAE19E-996E-40E6-B83F-64F97E482B0B}.AppStore|iPhoneSimulator.Deploy.0 = AppStore|iPhoneSimulator
		{F4AAE19E-996E-40E6-B83F-64F97E482B0B}.AppStore|x64.ActiveCfg = AppStore|iPhone
		{F4AAE19E-996E-40E6-B83F-64F97E482B0B}.AppStore|x64.Build.0 = AppStore|iPhone
		{F4AAE19E-996E-40E6-B83F-64F97E482B0B}.AppStore|x64.Deploy.0 = AppStore|iPhone
		{F4AAE19E-996E-40E6-B83F-64F97E482B0B}.AppStore|x86.ActiveCfg = AppStore|iPhone
		{F4AAE19E-996E-40E6-B83F-64F97E482B0B}.AppStore|x86.Build.0 = AppStore|iPhone
		{F4AAE19E-996E-40E6-B83F-64F97E482B0B}.AppStore|x86.Deploy.0 = AppStore|iPhone
		{F4AAE19E-996E-40E6-B83F-64F97E482B0B}.Debug|Any CPU.ActiveCfg = Debug|iPhoneSimulator
		{F4AAE19E-996E-40E6-B83F-64F97E482B0B}.Debug|Any CPU.Build.0 = Debug|iPhoneSimulator
		{F4AAE19E-996E-40E6-B83F-64F97E482B0B}.Debug|Any CPU.Deploy.0 = Debug|iPhoneSimulator
		{F4AAE19E-996E-40E6-B83F-64F97E482B0B}.Debug|ARM.ActiveCfg = Debug|iPhone
		{F4AAE19E-996E-40E6-B83F-64F97E482B0B}.Debug|ARM.Build.0 = Debug|iPhone
		{F4AAE19E-996E-40E6-B83F-64F97E482B0B}.Debug|ARM.Deploy.0 = Debug|iPhone
		{F4AAE19E-996E-40E6-B83F-64F97E482B0B}.Debug|iPhone.ActiveCfg = Debug|iPhone
		{F4AAE19E-996E-40E6-B83F-64F97E482B0B}.Debug|iPhone.Build.0 = Debug|iPhone
		{F4AAE19E-996E-40E6-B83F-64F97E482B0B}.Debug|iPhone.Deploy.0 = Debug|iPhone
		{F4AAE19E-996E-40E6-B83F-64F97E482B0B}.Debug|iPhoneSimulator.ActiveCfg = Debug|iPhoneSimulator
		{F4AAE19E-996E-40E6-B83F-64F97E482B0B}.Debug|iPhoneSimulator.Build.0 = Debug|iPhoneSimulator
		{F4AAE19E-996E-40E6-B83F-64F97E482B0B}.Debug|iPhoneSimulator.Deploy.0 = Debug|iPhoneSimulator
		{F4AAE19E-996E-40E6-B83F-64F97E482B0B}.Debug|x64.ActiveCfg = Debug|iPhone
		{F4AAE19E-996E-40E6-B83F-64F97E482B0B}.Debug|x64.Build.0 = Debug|iPhone
		{F4AAE19E-996E-40E6-B83F-64F97E482B0B}.Debug|x64.Deploy.0 = Debug|iPhone
		{F4AAE19E-996E-40E6-B83F-64F97E482B0B}.Debug|x86.ActiveCfg = Debug|iPhone
		{F4AAE19E-996E-40E6-B83F-64F97E482B0B}.Debug|x86.Build.0 = Debug|iPhone
		{F4AAE19E-996E-40E6-B83F-64F97E482B0B}.Debug|x86.Deploy.0 = Debug|iPhone
		{F4AAE19E-996E-40E6-B83F-64F97E482B0B}.Release|Any CPU.ActiveCfg = Release|iPhone
		{F4AAE19E-996E-40E6-B83F-64F97E482B0B}.Release|Any CPU.Build.0 = Release|iPhone
		{F4AAE19E-996E-40E6-B83F-64F97E482B0B}.Release|Any CPU.Deploy.0 = Release|iPhone
		{F4AAE19E-996E-40E6-B83F-64F97E482B0B}.Release|ARM.ActiveCfg = Release|iPhone
		{F4AAE19E-996E-40E6-B83F-64F97E482B0B}.Release|ARM.Build.0 = Release|iPhone
		{F4AAE19E-996E-40E6-B83F-64F97E482B0B}.Release|ARM.Deploy.0 = Release|iPhone
		{F4AAE19E-996E-40E6-B83F-64F97E482B0B}.Release|iPhone.ActiveCfg = Release|iPhone
		{F4AAE19E-996E-40E6-B83F-64F97E482B0B}.Release|iPhone.Build.0 = Release|iPhone
		{F4AAE19E-996E-40E6-B83F-64F97E482B0B}.Release|iPhone.Deploy.0 = Release|iPhone
		{F4AAE19E-996E-40E6-B83F-64F97E482B0B}.Release|iPhoneSimulator.ActiveCfg = Release|iPhoneSimulator
		{F4AAE19E-996E-40E6-B83F-64F97E482B0B}.Release|iPhoneSimulator.Build.0 = Release|iPhoneSimulator
		{F4AAE19E-996E-40E6-B83F-64F97E482B0B}.Release|iPhoneSimulator.Deploy.0 = Release|iPhoneSimulator
		{F4AAE19E-996E-40E6-B83F-64F97E482B0B}.Release|x64.ActiveCfg = Release|iPhone
		{F4AAE19E-996E-40E6-B83F-64F97E482B0B}.Release|x64.Build.0 = Release|iPhone
		{F4AAE19E-996E-40E6-B83F-64F97E482B0B}.Release|x64.Deploy.0 = Release|iPhone
		{F4AAE19E-996E-40E6-B83F-64F97E482B0B}.Release|x86.ActiveCfg = Release|iPhone
		{F4AAE19E-996E-40E6-B83F-64F97E482B0B}.Release|x86.Build.0 = Release|iPhone
		{F4AAE19E-996E-40E6-B83F-64F97E482B0B}.Release|x86.Deploy.0 = Release|iPhone
		{DB0E34E2-57E0-4093-A8ED-8C77B61FBE0E}.Ad-Hoc|Any CPU.ActiveCfg = Release|x86
		{DB0E34E2-57E0-4093-A8ED-8C77B61FBE0E}.Ad-Hoc|Any CPU.Build.0 = Release|x86
		{DB0E34E2-57E0-4093-A8ED-8C77B61FBE0E}.Ad-Hoc|Any CPU.Deploy.0 = Release|x86
		{DB0E34E2-57E0-4093-A8ED-8C77B61FBE0E}.Ad-Hoc|ARM.ActiveCfg = Release|ARM
		{DB0E34E2-57E0-4093-A8ED-8C77B61FBE0E}.Ad-Hoc|ARM.Build.0 = Release|ARM
		{DB0E34E2-57E0-4093-A8ED-8C77B61FBE0E}.Ad-Hoc|ARM.Deploy.0 = Release|ARM
		{DB0E34E2-57E0-4093-A8ED-8C77B61FBE0E}.Ad-Hoc|iPhone.ActiveCfg = Release|x86
		{DB0E34E2-57E0-4093-A8ED-8C77B61FBE0E}.Ad-Hoc|iPhone.Build.0 = Release|x86
		{DB0E34E2-57E0-4093-A8ED-8C77B61FBE0E}.Ad-Hoc|iPhone.Deploy.0 = Release|x86
		{DB0E34E2-57E0-4093-A8ED-8C77B61FBE0E}.Ad-Hoc|iPhoneSimulator.ActiveCfg = Release|x86
		{DB0E34E2-57E0-4093-A8ED-8C77B61FBE0E}.Ad-Hoc|iPhoneSimulator.Build.0 = Release|x86
		{DB0E34E2-57E0-4093-A8ED-8C77B61FBE0E}.Ad-Hoc|iPhoneSimulator.Deploy.0 = Release|x86
		{DB0E34E2-57E0-4093-A8ED-8C77B61FBE0E}.Ad-Hoc|x64.ActiveCfg = Release|x64
		{DB0E34E2-57E0-4093-A8ED-8C77B61FBE0E}.Ad-Hoc|x64.Build.0 = Release|x64
		{DB0E34E2-57E0-4093-A8ED-8C77B61FBE0E}.Ad-Hoc|x64.Deploy.0 = Release|x64
		{DB0E34E2-57E0-4093-A8ED-8C77B61FBE0E}.Ad-Hoc|x86.ActiveCfg = Release|x86
		{DB0E34E2-57E0-4093-A8ED-8C77B61FBE0E}.Ad-Hoc|x86.Build.0 = Release|x86
		{DB0E34E2-57E0-4093-A8ED-8C77B61FBE0E}.Ad-Hoc|x86.Deploy.0 = Release|x86
		{DB0E34E2-57E0-4093-A8ED-8C77B61FBE0E}.AppStore|Any CPU.ActiveCfg = Release|x86
		{DB0E34E2-57E0-4093-A8ED-8C77B61FBE0E}.AppStore|Any CPU.Build.0 = Release|x86
		{DB0E34E2-57E0-4093-A8ED-8C77B61FBE0E}.AppStore|Any CPU.Deploy.0 = Release|x86
		{DB0E34E2-57E0-4093-A8ED-8C77B61FBE0E}.AppStore|ARM.ActiveCfg = Release|ARM
		{DB0E34E2-57E0-4093-A8ED-8C77B61FBE0E}.AppStore|ARM.Build.0 = Release|ARM
		{DB0E34E2-57E0-4093-A8ED-8C77B61FBE0E}.AppStore|ARM.Deploy.0 = Release|ARM
		{DB0E34E2-57E0-4093-A8ED-8C77B61FBE0E}.AppStore|iPhone.ActiveCfg = Release|x86
		{DB0E34E2-57E0-4093-A8ED-8C77B61FBE0E}.AppStore|iPhone.Build.0 = Release|x86
		{DB0E34E2-57E0-4093-A8ED-8C77B61FBE0E}.AppStore|iPhone.Deploy.0 = Release|x86
		{DB0E34E2-57E0-4093-A8ED-8C77B61FBE0E}.AppStore|iPhoneSimulator.ActiveCfg = Release|x86
		{DB0E34E2-57E0-4093-A8ED-8C77B61FBE0E}.AppStore|iPhoneSimulator.Build.0 = Release|x86
		{DB0E34E2-57E0-4093-A8ED-8C77B61FBE0E}.AppStore|iPhoneSimulator.Deploy.0 = Release|x86
		{DB0E34E2-57E0-4093-A8ED-8C77B61FBE0E}.AppStore|x64.ActiveCfg = Release|x64
		{DB0E34E2-57E0-4093-A8ED-8C77B61FBE0E}.AppStore|x64.Build.0 = Release|x64
		{DB0E34E2-57E0-4093-A8ED-8C77B61FBE0E}.AppStore|x64.Deploy.0 = Release|x64
		{DB0E34E2-57E0-4093-A8ED-8C77B61FBE0E}.AppStore|x86.ActiveCfg = Release|x86
		{DB0E34E2-57E0-4093-A8ED-8C77B61FBE0E}.AppStore|x86.Build.0 = Release|x86
		{DB0E34E2-57E0-4093-A8ED-8C77B61FBE0E}.AppStore|x86.Deploy.0 = Release|x86
		{DB0E34E2-57E0-4093-A8ED-8C77B61FBE0E}.Debug|Any CPU.ActiveCfg = Debug|x86
		{DB0E34E2-57E0-4093-A8ED-8C77B61FBE0E}.Debug|Any CPU.Build.0 = Debug|x86
		{DB0E34E2-57E0-4093-A8ED-8C77B61FBE0E}.Debug|Any CPU.Deploy.0 = Debug|x86
		{DB0E34E2-57E0-4093-A8ED-8C77B61FBE0E}.Debug|ARM.ActiveCfg = Debug|ARM
		{DB0E34E2-57E0-4093-A8ED-8C77B61FBE0E}.Debug|ARM.Build.0 = Debug|ARM
		{DB0E34E2-57E0-4093-A8ED-8C77B61FBE0E}.Debug|ARM.Deploy.0 = Debug|ARM
		{DB0E34E2-57E0-4093-A8ED-8C77B61FBE0E}.Debug|iPhone.ActiveCfg = Debug|x86
		{DB0E34E2-57E0-4093-A8ED-8C77B61FBE0E}.Debug|iPhone.Build.0 = Debug|x86
		{DB0E34E2-57E0-4093-A8ED-8C77B61FBE0E}.Debug|iPhone.Deploy.0 = Debug|x86
		{DB0E34E2-57E0-4093-A8ED-8C77B61FBE0E}.Debug|iPhoneSimulator.ActiveCfg = Debug|x86
		{DB0E34E2-57E0-4093-A8ED-8C77B61FBE0E}.Debug|iPhoneSimulator.Build.0 = Debug|x86
		{DB0E34E2-57E0-4093-A8ED-8C77B61FBE0E}.Debug|iPhoneSimulator.Deploy.0 = Debug|x86
		{DB0E34E2-57E0-4093-A8ED-8C77B61FBE0E}.Debug|x64.ActiveCfg = Debug|x64
		{DB0E34E2-57E0-4093-A8ED-8C77B61FBE0E}.Debug|x64.Build.0 = Debug|x64
		{DB0E34E2-57E0-4093-A8ED-8C77B61FBE0E}.Debug|x64.Deploy.0 = Debug|x64
		{DB0E34E2-57E0-4093-A8ED-8C77B61FBE0E}.Debug|x86.ActiveCfg = Debug|x86
		{DB0E34E2-57E0-4093-A8ED-8C77B61FBE0E}.Debug|x86.Build.0 = Debug|x86
		{DB0E34E2-57E0-4093-A8ED-8C77B61FBE0E}.Debug|x86.Deploy.0 = Debug|x86
		{DB0E34E2-57E0-4093-A8ED-8C77B61FBE0E}.Release|Any CPU.ActiveCfg = Release|x86
		{DB0E34E2-57E0-4093-A8ED-8C77B61FBE0E}.Release|Any CPU.Build.0 = Release|x86
		{DB0E34E2-57E0-4093-A8ED-8C77B61FBE0E}.Release|Any CPU.Deploy.0 = Release|x86
		{DB0E34E2-57E0-4093-A8ED-8C77B61FBE0E}.Release|ARM.ActiveCfg = Release|ARM
		{DB0E34E2-57E0-4093-A8ED-8C77B61FBE0E}.Release|ARM.Build.0 = Release|ARM
		{DB0E34E2-57E0-4093-A8ED-8C77B61FBE0E}.Release|ARM.Deploy.0 = Release|ARM
		{DB0E34E2-57E0-4093-A8ED-8C77B61FBE0E}.Release|iPhone.ActiveCfg = Release|x86
		{DB0E34E2-57E0-4093-A8ED-8C77B61FBE0E}.Release|iPhone.Build.0 = Release|x86
		{DB0E34E2-57E0-4093-A8ED-8C77B61FBE0E}.Release|iPhone.Deploy.0 = Release|x86
		{DB0E34E2-57E0-4093-A8ED-8C77B61FBE0E}.Release|iPhoneSimulator.ActiveCfg = Release|x86
		{DB0E34E2-57E0-4093-A8ED-8C77B61FBE0E}.Release|iPhoneSimulator.Build.0 = Release|x86
		{DB0E34E2-57E0-4093-A8ED-8C77B61FBE0E}.Release|iPhoneSimulator.Deploy.0 = Release|x86
		{DB0E34E2-57E0-4093-A8ED-8C77B61FBE0E}.Release|x64.ActiveCfg = Release|x64
		{DB0E34E2-57E0-4093-A8ED-8C77B61FBE0E}.Release|x64.Build.0 = Release|x64
		{DB0E34E2-57E0-4093-A8ED-8C77B61FBE0E}.Release|x64.Deploy.0 = Release|x64
		{DB0E34E2-57E0-4093-A8ED-8C77B61FBE0E}.Release|x86.ActiveCfg = Release|x86
		{DB0E34E2-57E0-4093-A8ED-8C77B61FBE0E}.Release|x86.Build.0 = Release|x86
		{DB0E34E2-57E0-4093-A8ED-8C77B61FBE0E}.Release|x86.Deploy.0 = Release|x86
		{9CB685C2-48D8-49F7-81B8-0ED717411C80}.Ad-Hoc|Any CPU.ActiveCfg = Debug|Any CPU
		{9CB685C2-48D8-49F7-81B8-0ED717411C80}.Ad-Hoc|Any CPU.Build.0 = Debug|Any CPU
		{9CB685C2-48D8-49F7-81B8-0ED717411C80}.Ad-Hoc|Any CPU.Deploy.0 = Debug|Any CPU
		{9CB685C2-48D8-49F7-81B8-0ED717411C80}.Ad-Hoc|ARM.ActiveCfg = Debug|Any CPU
		{9CB685C2-48D8-49F7-81B8-0ED717411C80}.Ad-Hoc|ARM.Build.0 = Debug|Any CPU
		{9CB685C2-48D8-49F7-81B8-0ED717411C80}.Ad-Hoc|ARM.Deploy.0 = Debug|Any CPU
		{9CB685C2-48D8-49F7-81B8-0ED717411C80}.Ad-Hoc|iPhone.ActiveCfg = Debug|Any CPU
		{9CB685C2-48D8-49F7-81B8-0ED717411C80}.Ad-Hoc|iPhone.Build.0 = Debug|Any CPU
		{9CB685C2-48D8-49F7-81B8-0ED717411C80}.Ad-Hoc|iPhone.Deploy.0 = Debug|Any CPU
		{9CB685C2-48D8-49F7-81B8-0ED717411C80}.Ad-Hoc|iPhoneSimulator.ActiveCfg = Debug|Any CPU
		{9CB685C2-48D8-49F7-81B8-0ED717411C80}.Ad-Hoc|iPhoneSimulator.Build.0 = Debug|Any CPU
		{9CB685C2-48D8-49F7-81B8-0ED717411C80}.Ad-Hoc|iPhoneSimulator.Deploy.0 = Debug|Any CPU
		{9CB685C2-48D8-49F7-81B8-0ED717411C80}.Ad-Hoc|x64.ActiveCfg = Debug|Any CPU
		{9CB685C2-48D8-49F7-81B8-0ED717411C80}.Ad-Hoc|x64.Build.0 = Debug|Any CPU
		{9CB685C2-48D8-49F7-81B8-0ED717411C80}.Ad-Hoc|x64.Deploy.0 = Debug|Any CPU
		{9CB685C2-48D8-49F7-81B8-0ED717411C80}.Ad-Hoc|x86.ActiveCfg = Debug|Any CPU
		{9CB685C2-48D8-49F7-81B8-0ED717411C80}.Ad-Hoc|x86.Build.0 = Debug|Any CPU
		{9CB685C2-48D8-49F7-81B8-0ED717411C80}.Ad-Hoc|x86.Deploy.0 = Debug|Any CPU
		{9CB685C2-48D8-49F7-81B8-0ED717411C80}.AppStore|Any CPU.ActiveCfg = Debug|Any CPU
		{9CB685C2-48D8-49F7-81B8-0ED717411C80}.AppStore|Any CPU.Build.0 = Debug|Any CPU
		{9CB685C2-48D8-49F7-81B8-0ED717411C80}.AppStore|Any CPU.Deploy.0 = Debug|Any CPU
		{9CB685C2-48D8-49F7-81B8-0ED717411C80}.AppStore|ARM.ActiveCfg = Debug|Any CPU
		{9CB685C2-48D8-49F7-81B8-0ED717411C80}.AppStore|ARM.Build.0 = Debug|Any CPU
		{9CB685C2-48D8-49F7-81B8-0ED717411C80}.AppStore|ARM.Deploy.0 = Debug|Any CPU
		{9CB685C2-48D8-49F7-81B8-0ED717411C80}.AppStore|iPhone.ActiveCfg = Debug|Any CPU
		{9CB685C2-48D8-49F7-81B8-0ED717411C80}.AppStore|iPhone.Build.0 = Debug|Any CPU
		{9CB685C2-48D8-49F7-81B8-0ED717411C80}.AppStore|iPhone.Deploy.0 = Debug|Any CPU
		{9CB685C2-48D8-49F7-81B8-0ED717411C80}.AppStore|iPhoneSimulator.ActiveCfg = Debug|Any CPU
		{9CB685C2-48D8-49F7-81B8-0ED717411C80}.AppStore|iPhoneSimulator.Build.0 = Debug|Any CPU
		{9CB685C2-48D8-49F7-81B8-0ED717411C80}.AppStore|iPhoneSimulator.Deploy.0 = Debug|Any CPU
		{9CB685C2-48D8-49F7-81B8-0ED717411C80}.AppStore|x64.ActiveCfg = Debug|Any CPU
		{9CB685C2-48D8-49F7-81B8-0ED717411C80}.AppStore|x64.Build.0 = Debug|Any CPU
		{9CB685C2-48D8-49F7-81B8-0ED717411C80}.AppStore|x64.Deploy.0 = Debug|Any CPU
		{9CB685C2-48D8-49F7-81B8-0ED717411C80}.AppStore|x86.ActiveCfg = Debug|Any CPU
		{9CB685C2-48D8-49F7-81B8-0ED717411C80}.AppStore|x86.Build.0 = Debug|Any CPU
		{9CB685C2-48D8-49F7-81B8-0ED717411C80}.AppStore|x86.Deploy.0 = Debug|Any CPU
		{9CB685C2-48D8-49F7-81B8-0ED717411C80}.Debug|Any CPU.ActiveCfg = Debug|Any CPU
		{9CB685C2-48D8-49F7-81B8-0ED717411C80}.Debug|Any CPU.Build.0 = Debug|Any CPU
		{9CB685C2-48D8-49F7-81B8-0ED717411C80}.Debug|Any CPU.Deploy.0 = Debug|Any CPU
		{9CB685C2-48D8-49F7-81B8-0ED717411C80}.Debug|ARM.ActiveCfg = Debug|Any CPU
		{9CB685C2-48D8-49F7-81B8-0ED717411C80}.Debug|ARM.Build.0 = Debug|Any CPU
		{9CB685C2-48D8-49F7-81B8-0ED717411C80}.Debug|ARM.Deploy.0 = Debug|Any CPU
		{9CB685C2-48D8-49F7-81B8-0ED717411C80}.Debug|iPhone.ActiveCfg = Debug|Any CPU
		{9CB685C2-48D8-49F7-81B8-0ED717411C80}.Debug|iPhone.Build.0 = Debug|Any CPU
		{9CB685C2-48D8-49F7-81B8-0ED717411C80}.Debug|iPhone.Deploy.0 = Debug|Any CPU
		{9CB685C2-48D8-49F7-81B8-0ED717411C80}.Debug|iPhoneSimulator.ActiveCfg = Debug|Any CPU
		{9CB685C2-48D8-49F7-81B8-0ED717411C80}.Debug|iPhoneSimulator.Build.0 = Debug|Any CPU
		{9CB685C2-48D8-49F7-81B8-0ED717411C80}.Debug|iPhoneSimulator.Deploy.0 = Debug|Any CPU
		{9CB685C2-48D8-49F7-81B8-0ED717411C80}.Debug|x64.ActiveCfg = Debug|Any CPU
		{9CB685C2-48D8-49F7-81B8-0ED717411C80}.Debug|x64.Build.0 = Debug|Any CPU
		{9CB685C2-48D8-49F7-81B8-0ED717411C80}.Debug|x64.Deploy.0 = Debug|Any CPU
		{9CB685C2-48D8-49F7-81B8-0ED717411C80}.Debug|x86.ActiveCfg = Debug|Any CPU
		{9CB685C2-48D8-49F7-81B8-0ED717411C80}.Debug|x86.Build.0 = Debug|Any CPU
		{9CB685C2-48D8-49F7-81B8-0ED717411C80}.Debug|x86.Deploy.0 = Debug|Any CPU
		{9CB685C2-48D8-49F7-81B8-0ED717411C80}.Release|Any CPU.ActiveCfg = Release|Any CPU
		{9CB685C2-48D8-49F7-81B8-0ED717411C80}.Release|Any CPU.Build.0 = Release|Any CPU
		{9CB685C2-48D8-49F7-81B8-0ED717411C80}.Release|Any CPU.Deploy.0 = Release|Any CPU
		{9CB685C2-48D8-49F7-81B8-0ED717411C80}.Release|ARM.ActiveCfg = Release|Any CPU
		{9CB685C2-48D8-49F7-81B8-0ED717411C80}.Release|ARM.Build.0 = Release|Any CPU
		{9CB685C2-48D8-49F7-81B8-0ED717411C80}.Release|ARM.Deploy.0 = Release|Any CPU
		{9CB685C2-48D8-49F7-81B8-0ED717411C80}.Release|iPhone.ActiveCfg = Release|Any CPU
		{9CB685C2-48D8-49F7-81B8-0ED717411C80}.Release|iPhone.Build.0 = Release|Any CPU
		{9CB685C2-48D8-49F7-81B8-0ED717411C80}.Release|iPhone.Deploy.0 = Release|Any CPU
		{9CB685C2-48D8-49F7-81B8-0ED717411C80}.Release|iPhoneSimulator.ActiveCfg = Release|Any CPU
		{9CB685C2-48D8-49F7-81B8-0ED717411C80}.Release|iPhoneSimulator.Build.0 = Release|Any CPU
		{9CB685C2-48D8-49F7-81B8-0ED717411C80}.Release|iPhoneSimulator.Deploy.0 = Release|Any CPU
		{9CB685C2-48D8-49F7-81B8-0ED717411C80}.Release|x64.ActiveCfg = Release|Any CPU
		{9CB685C2-48D8-49F7-81B8-0ED717411C80}.Release|x64.Build.0 = Release|Any CPU
		{9CB685C2-48D8-49F7-81B8-0ED717411C80}.Release|x64.Deploy.0 = Release|Any CPU
		{9CB685C2-48D8-49F7-81B8-0ED717411C80}.Release|x86.ActiveCfg = Release|Any CPU
		{9CB685C2-48D8-49F7-81B8-0ED717411C80}.Release|x86.Build.0 = Release|Any CPU
		{9CB685C2-48D8-49F7-81B8-0ED717411C80}.Release|x86.Deploy.0 = Release|Any CPU
	EndGlobalSection
	GlobalSection(SolutionProperties) = preSolution
		HideSolutionNode = FALSE
	EndGlobalSection
	GlobalSection(ExtensibilityGlobals) = postSolution
		SolutionGuid = {79763C17-C6AD-4575-9301-3965783FB32E}
	EndGlobalSection
EndGlobal
